
Microsoft Visual Studio Solution File, Format Version 12.00
# Visual Studio Version 17
VisualStudioVersion = 17.7.34009.444
MinimumVisualStudioVersion = 10.0.40219.1
Project("{FAE04EC0-301F-11D3-BF4B-00C04F79EFBC}") = "prueba3", "prueba3\prueba3.csproj", "{87AC8DE0-FD40-4A3E-B75E-0DBF920D11F1}"
EndProject
Global
	GlobalSection(SolutionConfigurationPlatforms) = preSolution
		Debug|Any CPU = Debug|Any CPU
		Release|Any CPU = Release|Any CPU
	EndGlobalSection
	GlobalSection(ProjectConfigurationPlatforms) = postSolution
		{87AC8DE0-FD40-4A3E-B75E-0DBF920D11F1}.Debug|Any CPU.ActiveCfg = Debug|Any CPU
		{87AC8DE0-FD40-4A3E-B75E-0DBF920D11F1}.Debug|Any CPU.Build.0 = Debug|Any CPU
		{87AC8DE0-FD40-4A3E-B75E-0DBF920D11F1}.Release|Any CPU.ActiveCfg = Release|Any CPU
		{87AC8DE0-FD40-4A3E-B75E-0DBF920D11F1}.Release|Any CPU.Build.0 = Release|Any CPU
	EndGlobalSection
	GlobalSection(SolutionProperties) = preSolution
		HideSolutionNode = FALSE
	EndGlobalSection
	GlobalSection(ExtensibilityGlobals) = postSolution
		SolutionGuid = {A3C46AAC-E0A2-4100-A3E2-66C929912835}
	EndGlobalSection
EndGlobal
